{
  "name": "h5-snake",
  "version": "0.1.0",
  "dependencies": {
    "classnames": {
      "version": "2.2.3",
      "from": "http://registry.npm.alibaba-inc.com/classnames/download/classnames-2.2.3.tgz",
      "resolved": "http://registry.npm.alibaba-inc.com/classnames/download/classnames-2.2.3.tgz"
    }
  }
}
